
Microsoft Visual Studio Solution File, Format Version 12.00
# Visual Studio 14
VisualStudioVersion = 14.0.25123.0
MinimumVisualStudioVersion = 10.0.40219.1
Project("{4C33710F-606B-41C2-9E57-57BAD9002A38}") = "Sitecore.Support.47136", "Sitecore.Support.47136\Sitecore.Support.47136.csproj", "{B45FA4F4-41A1-433B-8126-75597B53DA37}"
EndProject
Global
	GlobalSection(SolutionConfigurationPlatforms) = preSolution
		Debug|Any CPU = Debug|Any CPU
		Release|Any CPU = Release|Any CPU
	EndGlobalSection
	GlobalSection(ProjectConfigurationPlatforms) = postSolution
		{B45FA4F4-41A1-433B-8126-75597B53DA37}.Debug|Any CPU.ActiveCfg = Debug|Any CPU
		{B45FA4F4-41A1-433B-8126-75597B53DA37}.Debug|Any CPU.Build.0 = Debug|Any CPU
		{B45FA4F4-41A1-433B-8126-75597B53DA37}.Release|Any CPU.ActiveCfg = Release|Any CPU
		{B45FA4F4-41A1-433B-8126-75597B53DA37}.Release|Any CPU.Build.0 = Release|Any CPU
	EndGlobalSection
	GlobalSection(SolutionProperties) = preSolution
		HideSolutionNode = FALSE
	EndGlobalSection
EndGlobal
